// !$*UTF8*$!
{
	archiveVersion = 1;
	classes = {
	};
	objectVersion = 46;
	objects = {

/* Begin PBXBuildFile section */
		83E5BB6B1960632B0091B6D1 /* ViafouraSocialLoginViewController.m in Sources */ = {isa = PBXBuildFile; fileRef = 83E5BB691960632B0091B6D1 /* ViafouraSocialLoginViewController.m */; };
		83F1C522190EF0BE00EBCFC9 /* Foundation.framework in Frameworks */ = {isa = PBXBuildFile; fileRef = 83F1C521190EF0BE00EBCFC9 /* Foundation.framework */; };
		83F1C524190EF0BE00EBCFC9 /* CoreGraphics.framework in Frameworks */ = {isa = PBXBuildFile; fileRef = 83F1C523190EF0BE00EBCFC9 /* CoreGraphics.framework */; };
		83F1C526190EF0BE00EBCFC9 /* UIKit.framework in Frameworks */ = {isa = PBXBuildFile; fileRef = 83F1C525190EF0BE00EBCFC9 /* UIKit.framework */; };
		83F1C52C190EF0BE00EBCFC9 /* InfoPlist.strings in Resources */ = {isa = PBXBuildFile; fileRef = 83F1C52A190EF0BE00EBCFC9 /* InfoPlist.strings */; };
		83F1C52E190EF0BE00EBCFC9 /* main.m in Sources */ = {isa = PBXBuildFile; fileRef = 83F1C52D190EF0BE00EBCFC9 /* main.m */; };
		83F1C532190EF0BE00EBCFC9 /* AppDelegate.m in Sources */ = {isa = PBXBuildFile; fileRef = 83F1C531190EF0BE00EBCFC9 /* AppDelegate.m */; };
		83F1C534190EF0BE00EBCFC9 /* Images.xcassets in Resources */ = {isa = PBXBuildFile; fileRef = 83F1C533190EF0BE00EBCFC9 /* Images.xcassets */; };
		83F1C53B190EF0BE00EBCFC9 /* XCTest.framework in Frameworks */ = {isa = PBXBuildFile; fileRef = 83F1C53A190EF0BE00EBCFC9 /* XCTest.framework */; };
		83F1C53C190EF0BE00EBCFC9 /* Foundation.framework in Frameworks */ = {isa = PBXBuildFile; fileRef = 83F1C521190EF0BE00EBCFC9 /* Foundation.framework */; };
		83F1C53D190EF0BE00EBCFC9 /* UIKit.framework in Frameworks */ = {isa = PBXBuildFile; fileRef = 83F1C525190EF0BE00EBCFC9 /* UIKit.framework */; };
		83F1C553190EF30E00EBCFC9 /* WebViewController.m in Sources */ = {isa = PBXBuildFile; fileRef = 83F1C551190EF30E00EBCFC9 /* WebViewController.m */; };
		83F1C554190EF30E00EBCFC9 /* WebViewController.xib in Resources */ = {isa = PBXBuildFile; fileRef = 83F1C552190EF30E00EBCFC9 /* WebViewController.xib */; };
		83FD9284196A29410052CE32 /* ViafouraSocialLoginViewController.xib in Resources */ = {isa = PBXBuildFile; fileRef = 83E5BB6A1960632B0091B6D1 /* ViafouraSocialLoginViewController.xib */; };
/* End PBXBuildFile section */

/* Begin PBXContainerItemProxy section */
		83F1C53E190EF0BE00EBCFC9 /* PBXContainerItemProxy */ = {
			isa = PBXContainerItemProxy;
			containerPortal = 83F1C516190EF0BE00EBCFC9 /* Project object */;
			proxyType = 1;
			remoteGlobalIDString = 83F1C51D190EF0BE00EBCFC9;
			remoteInfo = Viafoura_UIWebview;
		};
/* End PBXContainerItemProxy section */

/* Begin PBXFileReference section */
		83E5BB681960632B0091B6D1 /* ViafouraSocialLoginViewController.h */ = {isa = PBXFileReference; fileEncoding = 4; lastKnownFileType = sourcecode.c.h; path = ViafouraSocialLoginViewController.h; sourceTree = "<group>"; };
		83E5BB691960632B0091B6D1 /* ViafouraSocialLoginViewController.m */ = {isa = PBXFileReference; fileEncoding = 4; lastKnownFileType = sourcecode.c.objc; path = ViafouraSocialLoginViewController.m; sourceTree = "<group>"; };
		83E5BB6A1960632B0091B6D1 /* ViafouraSocialLoginViewController.xib */ = {isa = PBXFileReference; fileEncoding = 4; lastKnownFileType = file.xib; path = ViafouraSocialLoginViewController.xib; sourceTree = "<group>"; };
		83F1C51E190EF0BE00EBCFC9 /* Viafoura_UIWebview.app */ = {isa = PBXFileReference; explicitFileType = wrapper.application; includeInIndex = 0; path = Viafoura_UIWebview.app; sourceTree = BUILT_PRODUCTS_DIR; };
		83F1C521190EF0BE00EBCFC9 /* Foundation.framework */ = {isa = PBXFileReference; lastKnownFileType = wrapper.framework; name = Foundation.framework; path = System/Library/Frameworks/Foundation.framework; sourceTree = SDKROOT; };
		83F1C523190EF0BE00EBCFC9 /* CoreGraphics.framework */ = {isa = PBXFileReference; lastKnownFileType = wrapper.framework; name = CoreGraphics.framework; path = System/Library/Frameworks/CoreGraphics.framework; sourceTree = SDKROOT; };
		83F1C525190EF0BE00EBCFC9 /* UIKit.framework */ = {isa = PBXFileReference; lastKnownFileType = wrapper.framework; name = UIKit.framework; path = System/Library/Frameworks/UIKit.framework; sourceTree = SDKROOT; };
		83F1C529190EF0BE00EBCFC9 /* Viafoura_UIWebview-Info.plist */ = {isa = PBXFileReference; lastKnownFileType = text.plist.xml; path = "Viafoura_UIWebview-Info.plist"; sourceTree = "<group>"; };
		83F1C52B190EF0BE00EBCFC9 /* en */ = {isa = PBXFileReference; lastKnownFileType = text.plist.strings; name = en; path = en.lproj/InfoPlist.strings; sourceTree = "<group>"; };
		83F1C52D190EF0BE00EBCFC9 /* main.m */ = {isa = PBXFileReference; lastKnownFileType = sourcecode.c.objc; path = main.m; sourceTree = "<group>"; };
		83F1C52F190EF0BE00EBCFC9 /* Viafoura_UIWebview-Prefix.pch */ = {isa = PBXFileReference; lastKnownFileType = sourcecode.c.h; path = "Viafoura_UIWebview-Prefix.pch"; sourceTree = "<group>"; };
		83F1C530190EF0BE00EBCFC9 /* AppDelegate.h */ = {isa = PBXFileReference; lastKnownFileType = sourcecode.c.h; path = AppDelegate.h; sourceTree = "<group>"; };
		83F1C531190EF0BE00EBCFC9 /* AppDelegate.m */ = {isa = PBXFileReference; lastKnownFileType = sourcecode.c.objc; path = AppDelegate.m; sourceTree = "<group>"; };
		83F1C533190EF0BE00EBCFC9 /* Images.xcassets */ = {isa = PBXFileReference; lastKnownFileType = folder.assetcatalog; path = Images.xcassets; sourceTree = "<group>"; };
		83F1C539190EF0BE00EBCFC9 /* Viafoura_UIWebviewTests.xctest */ = {isa = PBXFileReference; explicitFileType = wrapper.cfbundle; includeInIndex = 0; path = Viafoura_UIWebviewTests.xctest; sourceTree = BUILT_PRODUCTS_DIR; };
		83F1C53A190EF0BE00EBCFC9 /* XCTest.framework */ = {isa = PBXFileReference; lastKnownFileType = wrapper.framework; name = XCTest.framework; path = Library/Frameworks/XCTest.framework; sourceTree = DEVELOPER_DIR; };
		83F1C550190EF30E00EBCFC9 /* WebViewController.h */ = {isa = PBXFileReference; fileEncoding = 4; lastKnownFileType = sourcecode.c.h; path = WebViewController.h; sourceTree = "<group>"; };
		83F1C551190EF30E00EBCFC9 /* WebViewController.m */ = {isa = PBXFileReference; fileEncoding = 4; lastKnownFileType = sourcecode.c.objc; path = WebViewController.m; sourceTree = "<group>"; };
		83F1C552190EF30E00EBCFC9 /* WebViewController.xib */ = {isa = PBXFileReference; fileEncoding = 4; lastKnownFileType = file.xib; path = WebViewController.xib; sourceTree = "<group>"; };
/* End PBXFileReference section */

/* Begin PBXFrameworksBuildPhase section */
		83F1C51B190EF0BE00EBCFC9 /* Frameworks */ = {
			isa = PBXFrameworksBuildPhase;
			buildActionMask = 2147483647;
			files = (
				83F1C524190EF0BE00EBCFC9 /* CoreGraphics.framework in Frameworks */,
				83F1C526190EF0BE00EBCFC9 /* UIKit.framework in Frameworks */,
				83F1C522190EF0BE00EBCFC9 /* Foundation.framework in Frameworks */,
			);
			runOnlyForDeploymentPostprocessing = 0;
		};
		83F1C536190EF0BE00EBCFC9 /* Frameworks */ = {
			isa = PBXFrameworksBuildPhase;
			buildActionMask = 2147483647;
			files = (
				83F1C53B190EF0BE00EBCFC9 /* XCTest.framework in Frameworks */,
				83F1C53D190EF0BE00EBCFC9 /* UIKit.framework in Frameworks */,
				83F1C53C190EF0BE00EBCFC9 /* Foundation.framework in Frameworks */,
			);
			runOnlyForDeploymentPostprocessing = 0;
		};
/* End PBXFrameworksBuildPhase section */

/* Begin PBXGroup section */
		83F1C515190EF0BE00EBCFC9 = {
			isa = PBXGroup;
			children = (
				83F1C527190EF0BE00EBCFC9 /* Viafoura_UIWebview */,
				83F1C520190EF0BE00EBCFC9 /* Frameworks */,
				83F1C51F190EF0BE00EBCFC9 /* Products */,
			);
			sourceTree = "<group>";
		};
		83F1C51F190EF0BE00EBCFC9 /* Products */ = {
			isa = PBXGroup;
			children = (
				83F1C51E190EF0BE00EBCFC9 /* Viafoura_UIWebview.app */,
				83F1C539190EF0BE00EBCFC9 /* Viafoura_UIWebviewTests.xctest */,
			);
			name = Products;
			sourceTree = "<group>";
		};
		83F1C520190EF0BE00EBCFC9 /* Frameworks */ = {
			isa = PBXGroup;
			children = (
				83F1C521190EF0BE00EBCFC9 /* Foundation.framework */,
				83F1C523190EF0BE00EBCFC9 /* CoreGraphics.framework */,
				83F1C525190EF0BE00EBCFC9 /* UIKit.framework */,
				83F1C53A190EF0BE00EBCFC9 /* XCTest.framework */,
			);
			name = Frameworks;
			sourceTree = "<group>";
		};
		83F1C527190EF0BE00EBCFC9 /* Viafoura_UIWebview */ = {
			isa = PBXGroup;
			children = (
				83F1C530190EF0BE00EBCFC9 /* AppDelegate.h */,
				83F1C531190EF0BE00EBCFC9 /* AppDelegate.m */,
				83F1C533190EF0BE00EBCFC9 /* Images.xcassets */,
				83F1C528190EF0BE00EBCFC9 /* Supporting Files */,
				83F1C550190EF30E00EBCFC9 /* WebViewController.h */,
				83F1C551190EF30E00EBCFC9 /* WebViewController.m */,
				83F1C552190EF30E00EBCFC9 /* WebViewController.xib */,
				83E5BB681960632B0091B6D1 /* ViafouraSocialLoginViewController.h */,
				83E5BB691960632B0091B6D1 /* ViafouraSocialLoginViewController.m */,
				83E5BB6A1960632B0091B6D1 /* ViafouraSocialLoginViewController.xib */,
			);
			path = Viafoura_UIWebview;
			sourceTree = "<group>";
		};
		83F1C528190EF0BE00EBCFC9 /* Supporting Files */ = {
			isa = PBXGroup;
			children = (
				83F1C529190EF0BE00EBCFC9 /* Viafoura_UIWebview-Info.plist */,
				83F1C52A190EF0BE00EBCFC9 /* InfoPlist.strings */,
				83F1C52D190EF0BE00EBCFC9 /* main.m */,
				83F1C52F190EF0BE00EBCFC9 /* Viafoura_UIWebview-Prefix.pch */,
			);
			name = "Supporting Files";
			sourceTree = "<group>";
		};
/* End PBXGroup section */

/* Begin PBXNativeTarget section */
		83F1C51D190EF0BE00EBCFC9 /* Viafoura_UIWebview */ = {
			isa = PBXNativeTarget;
			buildConfigurationList = 83F1C54A190EF0BE00EBCFC9 /* Build configuration list for PBXNativeTarget "Viafoura_UIWebview" */;
			buildPhases = (
				83F1C51A190EF0BE00EBCFC9 /* Sources */,
				83F1C51B190EF0BE00EBCFC9 /* Frameworks */,
				83F1C51C190EF0BE00EBCFC9 /* Resources */,
			);
			buildRules = (
			);
			dependencies = (
			);
			name = Viafoura_UIWebview;
			productName = Viafoura_UIWebview;
			productReference = 83F1C51E190EF0BE00EBCFC9 /* Viafoura_UIWebview.app */;
			productType = "com.apple.product-type.application";
		};
		83F1C538190EF0BE00EBCFC9 /* Viafoura_UIWebviewTests */ = {
			isa = PBXNativeTarget;
			buildConfigurationList = 83F1C54D190EF0BE00EBCFC9 /* Build configuration list for PBXNativeTarget "Viafoura_UIWebviewTests" */;
			buildPhases = (
				83F1C535190EF0BE00EBCFC9 /* Sources */,
				83F1C536190EF0BE00EBCFC9 /* Frameworks */,
				83F1C537190EF0BE00EBCFC9 /* Resources */,
			);
			buildRules = (
			);
			dependencies = (
				83F1C53F190EF0BE00EBCFC9 /* PBXTargetDependency */,
			);
			name = Viafoura_UIWebviewTests;
			productName = Viafoura_UIWebviewTests;
			productReference = 83F1C539190EF0BE00EBCFC9 /* Viafoura_UIWebviewTests.xctest */;
			productType = "com.apple.product-type.bundle.unit-test";
		};
/* End PBXNativeTarget section */

/* Begin PBXProject section */
		83F1C516190EF0BE00EBCFC9 /* Project object */ = {
			isa = PBXProject;
			attributes = {
				CLASSPREFIX = V4A;
				LastUpgradeCheck = 0510;
				ORGANIZATIONNAME = Viafoura;
				TargetAttributes = {
					83F1C538190EF0BE00EBCFC9 = {
						TestTargetID = 83F1C51D190EF0BE00EBCFC9;
					};
				};
			};
			buildConfigurationList = 83F1C519190EF0BE00EBCFC9 /* Build configuration list for PBXProject "Viafoura_UIWebview" */;
			compatibilityVersion = "Xcode 3.2";
			developmentRegion = English;
			hasScannedForEncodings = 0;
			knownRegions = (
				en,
			);
			mainGroup = 83F1C515190EF0BE00EBCFC9;
			productRefGroup = 83F1C51F190EF0BE00EBCFC9 /* Products */;
			projectDirPath = "";
			projectRoot = "";
			targets = (
				83F1C51D190EF0BE00EBCFC9 /* Viafoura_UIWebview */,
				83F1C538190EF0BE00EBCFC9 /* Viafoura_UIWebviewTests */,
			);
		};
/* End PBXProject section */

/* Begin PBXResourcesBuildPhase section */
		83F1C51C190EF0BE00EBCFC9 /* Resources */ = {
			isa = PBXResourcesBuildPhase;
			buildActionMask = 2147483647;
			files = (
				83FD9284196A29410052CE32 /* ViafouraSocialLoginViewController.xib in Resources */,
				83F1C554190EF30E00EBCFC9 /* WebViewController.xib in Resources */,
				83F1C52C190EF0BE00EBCFC9 /* InfoPlist.strings in Resources */,
				83F1C534190EF0BE00EBCFC9 /* Images.xcassets in Resources */,
			);
			runOnlyForDeploymentPostprocessing = 0;
		};
		83F1C537190EF0BE00EBCFC9 /* Resources */ = {
			isa = PBXResourcesBuildPhase;
			buildActionMask = 2147483647;
			files = (
			);
			runOnlyForDeploymentPostprocessing = 0;
		};
/* End PBXResourcesBuildPhase section */

/* Begin PBXSourcesBuildPhase section */
		83F1C51A190EF0BE00EBCFC9 /* Sources */ = {
			isa = PBXSourcesBuildPhase;
			buildActionMask = 2147483647;
			files = (
				83F1C532190EF0BE00EBCFC9 /* AppDelegate.m in Sources */,
				83F1C553190EF30E00EBCFC9 /* WebViewController.m in Sources */,
				83E5BB6B1960632B0091B6D1 /* ViafouraSocialLoginViewController.m in Sources */,
				83F1C52E190EF0BE00EBCFC9 /* main.m in Sources */,
			);
			runOnlyForDeploymentPostprocessing = 0;
		};
		83F1C535190EF0BE00EBCFC9 /* Sources */ = {
			isa = PBXSourcesBuildPhase;
			buildActionMask = 2147483647;
			files = (
			);
			runOnlyForDeploymentPostprocessing = 0;
		};
/* End PBXSourcesBuildPhase section */

/* Begin PBXTargetDependency section */
		83F1C53F190EF0BE00EBCFC9 /* PBXTargetDependency */ = {
			isa = PBXTargetDependency;
			target = 83F1C51D190EF0BE00EBCFC9 /* Viafoura_UIWebview */;
			targetProxy = 83F1C53E190EF0BE00EBCFC9 /* PBXContainerItemProxy */;
		};
/* End PBXTargetDependency section */

/* Begin PBXVariantGroup section */
		83F1C52A190EF0BE00EBCFC9 /* InfoPlist.strings */ = {
			isa = PBXVariantGroup;
			children = (
				83F1C52B190EF0BE00EBCFC9 /* en */,
			);
			name = InfoPlist.strings;
			sourceTree = "<group>";
		};
/* End PBXVariantGroup section */

/* Begin XCBuildConfiguration section */
		83F1C548190EF0BE00EBCFC9 /* Debug */ = {
			isa = XCBuildConfiguration;
			buildSettings = {
				ALWAYS_SEARCH_USER_PATHS = NO;
				CLANG_CXX_LANGUAGE_STANDARD = "gnu++0x";
				CLANG_CXX_LIBRARY = "libc++";
				CLANG_ENABLE_MODULES = YES;
				CLANG_ENABLE_OBJC_ARC = YES;
				CLANG_WARN_BOOL_CONVERSION = YES;
				CLANG_WARN_CONSTANT_CONVERSION = YES;
				CLANG_WARN_DIRECT_OBJC_ISA_USAGE = YES_ERROR;
				CLANG_WARN_EMPTY_BODY = YES;
				CLANG_WARN_ENUM_CONVERSION = YES;
				CLANG_WARN_INT_CONVERSION = YES;
				CLANG_WARN_OBJC_ROOT_CLASS = YES_ERROR;
				CLANG_WARN__DUPLICATE_METHOD_MATCH = YES;
				"CODE_SIGN_IDENTITY[sdk=iphoneos*]" = "iPhone Developer";
				COPY_PHASE_STRIP = NO;
				GCC_C_LANGUAGE_STANDARD = gnu99;
				GCC_DYNAMIC_NO_PIC = NO;
				GCC_OPTIMIZATION_LEVEL = 0;
				GCC_PREPROCESSOR_DEFINITIONS = (
					"DEBUG=1",
					"$(inherited)",
				);
				GCC_SYMBOLS_PRIVATE_EXTERN = NO;
				GCC_WARN_64_TO_32_BIT_CONVERSION = YES;
				GCC_WARN_ABOUT_RETURN_TYPE = YES_ERROR;
				GCC_WARN_UNDECLARED_SELECTOR = YES;
				GCC_WARN_UNINITIALIZED_AUTOS = YES_AGGRESSIVE;
				GCC_WARN_UNUSED_FUNCTION = YES;
				GCC_WARN_UNUSED_VARIABLE = YES;
				IPHONEOS_DEPLOYMENT_TARGET = 7.1;
				ONLY_ACTIVE_ARCH = YES;
				SDKROOT = iphoneos;
				TARGETED_DEVICE_FAMILY = "1,2";
			};
			name = Debug;
		};
		83F1C549190EF0BE00EBCFC9 /* Release */ = {
			isa = XCBuildConfiguration;
			buildSettings = {
				ALWAYS_SEARCH_USER_PATHS = NO;
				CLANG_CXX_LANGUAGE_STANDARD = "gnu++0x";
				CLANG_CXX_LIBRARY = "libc++";
				CLANG_ENABLE_MODULES = YES;
				CLANG_ENABLE_OBJC_ARC = YES;
				CLANG_WARN_BOOL_CONVERSION = YES;
				CLANG_WARN_CONSTANT_CONVERSION = YES;
				CLANG_WARN_DIRECT_OBJC_ISA_USAGE = YES_ERROR;
				CLANG_WARN_EMPTY_BODY = YES;
				CLANG_WARN_ENUM_CONVERSION = YES;
				CLANG_WARN_INT_CONVERSION = YES;
				CLANG_WARN_OBJC_ROOT_CLASS = YES_ERROR;
				CLANG_WARN__DUPLICATE_METHOD_MATCH = YES;
				"CODE_SIGN_IDENTITY[sdk=iphoneos*]" = "iPhone Developer";
				COPY_PHASE_STRIP = YES;
				ENABLE_NS_ASSERTIONS = NO;
				GCC_C_LANGUAGE_STANDARD = gnu99;
				GCC_WARN_64_TO_32_BIT_CONVERSION = YES;
				GCC_WARN_ABOUT_RETURN_TYPE = YES_ERROR;
				GCC_WARN_UNDECLARED_SELECTOR = YES;
				GCC_WARN_UNINITIALIZED_AUTOS = YES_AGGRESSIVE;
				GCC_WARN_UNUSED_FUNCTION = YES;
				GCC_WARN_UNUSED_VARIABLE = YES;
				IPHONEOS_DEPLOYMENT_TARGET = 7.1;
				SDKROOT = iphoneos;
				TARGETED_DEVICE_FAMILY = "1,2";
				VALIDATE_PRODUCT = YES;
			};
			name = Release;
		};
		83F1C54B190EF0BE00EBCFC9 /* Debug */ = {
			isa = XCBuildConfiguration;
			buildSettings = {
				ASSETCATALOG_COMPILER_APPICON_NAME = AppIcon;
				ASSETCATALOG_COMPILER_LAUNCHIMAGE_NAME = LaunchImage;
				GCC_PRECOMPILE_PREFIX_HEADER = YES;
				GCC_PREFIX_HEADER = "Viafoura_UIWebview/Viafoura_UIWebview-Prefix.pch";
				INFOPLIST_FILE = "Viafoura_UIWebview/Viafoura_UIWebview-Info.plist";
				IPHONEOS_DEPLOYMENT_TARGET = 6.0;
				PRODUCT_NAME = "$(TARGET_NAME)";
				WRAPPER_EXTENSION = app;
			};
			name = Debug;
		};
		83F1C54C190EF0BE00EBCFC9 /* Release */ = {
			isa = XCBuildConfiguration;
			buildSettings = {
				ASSETCATALOG_COMPILER_APPICON_NAME = AppIcon;
				ASSETCATALOG_COMPILER_LAUNCHIMAGE_NAME = LaunchImage;
				GCC_PRECOMPILE_PREFIX_HEADER = YES;
				GCC_PREFIX_HEADER = "Viafoura_UIWebview/Viafoura_UIWebview-Prefix.pch";
				INFOPLIST_FILE = "Viafoura_UIWebview/Viafoura_UIWebview-Info.plist";
				IPHONEOS_DEPLOYMENT_TARGET = 6.0;
				PRODUCT_NAME = "$(TARGET_NAME)";
				WRAPPER_EXTENSION = app;
			};
			name = Release;
		};
		83F1C54E190EF0BE00EBCFC9 /* Debug */ = {
			isa = XCBuildConfiguration;
			buildSettings = {
				BUNDLE_LOADER = "$(BUILT_PRODUCTS_DIR)/Viafoura_UIWebview.app/Viafoura_UIWebview";
				FRAMEWORK_SEARCH_PATHS = (
					"$(SDKROOT)/Developer/Library/Frameworks",
					"$(inherited)",
					"$(DEVELOPER_FRAMEWORKS_DIR)",
				);
				GCC_PRECOMPILE_PREFIX_HEADER = YES;
				GCC_PREFIX_HEADER = "Viafoura_UIWebview/Viafoura_UIWebview-Prefix.pch";
				GCC_PREPROCESSOR_DEFINITIONS = (
					"DEBUG=1",
					"$(inherited)",
				);
				INFOPLIST_FILE = "Viafoura_UIWebviewTests/Viafoura_UIWebviewTests-Info.plist";
				PRODUCT_NAME = "$(TARGET_NAME)";
				TEST_HOST = "$(BUNDLE_LOADER)";
				WRAPPER_EXTENSION = xctest;
			};
			name = Debug;
		};
		83F1C54F190EF0BE00EBCFC9 /* Release */ = {
			isa = XCBuildConfiguration;
			buildSettings = {
				BUNDLE_LOADER = "$(BUILT_PRODUCTS_DIR)/Viafoura_UIWebview.app/Viafoura_UIWebview";
				FRAMEWORK_SEARCH_PATHS = (
					"$(SDKROOT)/Developer/Library/Frameworks",
					"$(inherited)",
					"$(DEVELOPER_FRAMEWORKS_DIR)",
				);
				GCC_PRECOMPILE_PREFIX_HEADER = YES;
				GCC_PREFIX_HEADER = "Viafoura_UIWebview/Viafoura_UIWebview-Prefix.pch";
				INFOPLIST_FILE = "Viafoura_UIWebviewTests/Viafoura_UIWebviewTests-Info.plist";
				PRODUCT_NAME = "$(TARGET_NAME)";
				TEST_HOST = "$(BUNDLE_LOADER)";
				WRAPPER_EXTENSION = xctest;
			};
			name = Release;
		};
/* End XCBuildConfiguration section */

/* Begin XCConfigurationList section */
		83F1C519190EF0BE00EBCFC9 /* Build configuration list for PBXProject "Viafoura_UIWebview" */ = {
			isa = XCConfigurationList;
			buildConfigurations = (
				83F1C548190EF0BE00EBCFC9 /* Debug */,
				83F1C549190EF0BE00EBCFC9 /* Release */,
			);
			defaultConfigurationIsVisible = 0;
			defaultConfigurationName = Release;
		};
		83F1C54A190EF0BE00EBCFC9 /* Build configuration list for PBXNativeTarget "Viafoura_UIWebview" */ = {
			isa = XCConfigurationList;
			buildConfigurations = (
				83F1C54B190EF0BE00EBCFC9 /* Debug */,
				83F1C54C190EF0BE00EBCFC9 /* Release */,
			);
			defaultConfigurationIsVisible = 0;
			defaultConfigurationName = Release;
		};
		83F1C54D190EF0BE00EBCFC9 /* Build configuration list for PBXNativeTarget "Viafoura_UIWebviewTests" */ = {
			isa = XCConfigurationList;
			buildConfigurations = (
				83F1C54E190EF0BE00EBCFC9 /* Debug */,
				83F1C54F190EF0BE00EBCFC9 /* Release */,
			);
			defaultConfigurationIsVisible = 0;
			defaultConfigurationName = Release;
		};
/* End XCConfigurationList section */
	};
	rootObject = 83F1C516190EF0BE00EBCFC9 /* Project object */;
}
